{
  "requires": true,
  "lockfileVersion": 1,
  "dependencies": {
    "vue": {
      "version": "2.6.11",
      "resolved": "https://registry.npmjs.org/vue/-/vue-2.6.11.tgz",
      "integrity": "sha512-VfPwgcGABbGAue9+sfrD4PuwFar7gPb1yl1UK1MwXoQPAw0BKSqWfoYCT/ThFrdEVWoI51dBuyCoiNU9bZDZxQ=="
    },
    "vue-social-sharing": {
      "version": "3.0.0-beta.5",
      "resolved": "https://registry.npmjs.org/vue-social-sharing/-/vue-social-sharing-3.0.0-beta.5.tgz",
      "integrity": "sha512-oxCmELJh593M3kepR1e3CmGzOy6ciWF5X2a0CL/3wukZCdzPKIOKnZLndsQgAKqDt1/xFjPIRF5vEYQVM7TMJg=="
    }
  }
}
